# This file is autogenerated, do not edit; changes may be undone by the next 'dep ensure'.


[[projects]]
  digest = "1:b520b55fc1146c5b0eea03b07233f7a3d4a9be985c037c91ea6b82ecb81bd521"
  name = "github.com/bitly/go-simplejson"
  packages = ["."]
  pruneopts = "UT"
  revision = "aabad6e819789e569bd6aabf444c935aa9ba1e44"
  version = "v0.5.0"

[[projects]]
  digest = "1:ec6f9bf5e274c833c911923c9193867f3f18788c461f76f05f62bb1510e0ae65"
  name = "github.com/go-sql-driver/mysql"
  packages = ["."]
  pruneopts = "UT"
  revision = "72cd26f257d44c1114970e19afddcd812016007e"
  version = "v1.4.1"

[[projects]]
  branch = "master"
  digest = "1:1ba1d79f2810270045c328ae5d674321db34e3aae468eb4233883b473c5c0467"
  name = "github.com/golang/glog"
  packages = ["."]
  pruneopts = "UT"
  revision = "23def4e6c14b4da8ac2ed8007337bc5eb5007998"

[[projects]]
  digest = "1:38ec74012390146c45af1f92d46e5382b50531247929ff3a685d2b2be65155ac"
  name = "github.com/gomodule/redigo"
  packages = [
    "internal",
    "redis",
  ]
  pruneopts = "UT"
  revision = "9c11da706d9b7902c6da69c592f75637793fe121"
  version = "v2.0.0"

[[projects]]
  digest = "1:e62657cca9badaa308d86e7716083e4c5933bb78e30a17743fc67f50be26f6f4"
  name = "github.com/gorilla/websocket"
  packages = ["."]
  pruneopts = "UT"
  revision = "c3e18be99d19e6b3e8f1559eea2c161a665c4b6b"
  version = "v1.4.1"

[[projects]]
  branch = "master"
  digest = "1:dac5293edd95f269a44637cbf49e74522d52f8eaf8ab530299921535b535d01b"
  name = "github.com/importcjj/sensitive"
  packages = ["."]
  pruneopts = "UT"
  revision = "12e8792b0f2a66e4b799fc68b839dfcc6a4db02d"

[[projects]]
  branch = "master"
  digest = "1:0e1d1d100de756ad75413e8f6334aee5db0d2ab55d6acb7f8fb8d1086ecd696e"
  name = "github.com/richmonkey/cfg"
  packages = ["."]
  pruneopts = "UT"
  revision = "4b1e3c1869d4e608fcbda6994e5f08dd9c6beaa1"

[[projects]]
  branch = "master"
  digest = "1:aabadb0a85a4748abe989ad7d1a873c9b701482ef554badb6d0e20f6fd87ac55"
  name = "github.com/valyala/gorpc"
  packages = ["."]
  pruneopts = "UT"
  revision = "908281bef77441f2d0ec1792189b4032a1dace0c"

[[projects]]
  digest = "1:c25289f43ac4a68d88b02245742347c94f1e108c534dda442188015ff80669b3"
  name = "google.golang.org/appengine"
  packages = ["cloudsql"]
  pruneopts = "UT"
  revision = "971852bfffca25b069c31162ae8f247a3dba083b"
  version = "v1.6.5"

[solve-meta]
  analyzer-name = "dep"
  analyzer-version = 1
  input-imports = [
    "github.com/bitly/go-simplejson",
    "github.com/go-sql-driver/mysql",
    "github.com/golang/glog",
    "github.com/gomodule/redigo/redis",
    "github.com/gorilla/websocket",
    "github.com/importcjj/sensitive",
    "github.com/richmonkey/cfg",
    "github.com/valyala/gorpc",
  ]
  solver-name = "gps-cdcl"
  solver-version = 1
